
Microsoft Visual Studio Solution File, Format Version 12.00
# Visual Studio 2012
Project("{8BC9CEB8-8B4A-11D0-8D11-00A0C91BC942}") = "game", "game\game.vcxproj", "{20DF21DF-4E87-4C63-973B-5B64AAC299EE}"
EndProject
Global
	GlobalSection(SolutionConfigurationPlatforms) = preSolution
		Debug|Win32 = Debug|Win32
		Release|Win32 = Release|Win32
	EndGlobalSection
	GlobalSection(ProjectConfigurationPlatforms) = postSolution
		{20DF21DF-4E87-4C63-973B-5B64AAC299EE}.Debug|Win32.ActiveCfg = Debug|Win32
		{20DF21DF-4E87-4C63-973B-5B64AAC299EE}.Debug|Win32.Build.0 = Debug|Win32
		{20DF21DF-4E87-4C63-973B-5B64AAC299EE}.Release|Win32.ActiveCfg = Release|Win32
		{20DF21DF-4E87-4C63-973B-5B64AAC299EE}.Release|Win32.Build.0 = Release|Win32
	EndGlobalSection
	GlobalSection(SolutionProperties) = preSolution
		HideSolutionNode = FALSE
	EndGlobalSection
EndGlobal
